
Microsoft Visual Studio Solution File, Format Version 12.00
# Visual Studio Version 16
VisualStudioVersion = 16.0.29306.81
MinimumVisualStudioVersion = 10.0.40219.1
Project("{8BC9CEB8-8B4A-11D0-8D11-00A0C91BC942}") = "TicTacToe", "TicTacToe\TicTacToe.vcxproj", "{B503F852-2711-44FC-9A37-5111A05DF69D}"
EndProject
Global
	GlobalSection(SolutionConfigurationPlatforms) = preSolution
		Debug|x64 = Debug|x64
		Debug|x86 = Debug|x86
		Release|x64 = Release|x64
		Release|x86 = Release|x86
	EndGlobalSection
	GlobalSection(ProjectConfigurationPlatforms) = postSolution
		{B503F852-2711-44FC-9A37-5111A05DF69D}.Debug|x64.ActiveCfg = Debug|x64
		{B503F852-2711-44FC-9A37-5111A05DF69D}.Debug|x64.Build.0 = Debug|x64
		{B503F852-2711-44FC-9A37-5111A05DF69D}.Debug|x86.ActiveCfg = Debug|Win32
		{B503F852-2711-44FC-9A37-5111A05DF69D}.Debug|x86.Build.0 = Debug|Win32
		{B503F852-2711-44FC-9A37-5111A05DF69D}.Release|x64.ActiveCfg = Release|x64
		{B503F852-2711-44FC-9A37-5111A05DF69D}.Release|x64.Build.0 = Release|x64
		{B503F852-2711-44FC-9A37-5111A05DF69D}.Release|x86.ActiveCfg = Release|Win32
		{B503F852-2711-44FC-9A37-5111A05DF69D}.Release|x86.Build.0 = Release|Win32
	EndGlobalSection
	GlobalSection(SolutionProperties) = preSolution
		HideSolutionNode = FALSE
	EndGlobalSection
	GlobalSection(ExtensibilityGlobals) = postSolution
		SolutionGuid = {6E1AE7C2-9401-4919-BE01-6B3D08775803}
	EndGlobalSection
EndGlobal
